
Microsoft Visual Studio Solution File, Format Version 12.00
# Visual Studio 15
VisualStudioVersion = 15.0.26430.6
MinimumVisualStudioVersion = 10.0.40219.1
Project("{FAE04EC0-301F-11D3-BF4B-00C04F79EFBC}") = "Core", "Core\Core.csproj", "{AEB0C9C9-1144-40D7-930C-6643C053A770}"
EndProject
Project("{FAE04EC0-301F-11D3-BF4B-00C04F79EFBC}") = "Core.Test", "Core.Test\Core.Test.csproj", "{748598D7-EB3F-4048-A7D7-E707FC110ABE}"
EndProject
Project("{FAE04EC0-301F-11D3-BF4B-00C04F79EFBC}") = "PasswordManager.Android", "PasswordManager\PasswordManager.Android\PasswordManager.Android.csproj", "{E9CD2310-700E-4781-9846-75CC24953BEE}"
EndProject
Project("{FAE04EC0-301F-11D3-BF4B-00C04F79EFBC}") = "PasswordManager", "PasswordManager\PasswordManager\PasswordManager.csproj", "{3CA62B5B-84AF-4C3B-9566-C9C2D94040ED}"
EndProject
Global
	GlobalSection(SolutionConfigurationPlatforms) = preSolution
		Ad-Hoc|Any CPU = Ad-Hoc|Any CPU
		Ad-Hoc|iPhone = Ad-Hoc|iPhone
		Ad-Hoc|iPhoneSimulator = Ad-Hoc|iPhoneSimulator
		AppStore|Any CPU = AppStore|Any CPU
		AppStore|iPhone = AppStore|iPhone
		AppStore|iPhoneSimulator = AppStore|iPhoneSimulator
		Debug|Any CPU = Debug|Any CPU
		Debug|iPhone = Debug|iPhone
		Debug|iPhoneSimulator = Debug|iPhoneSimulator
		Release|Any CPU = Release|Any CPU
		Release|iPhone = Release|iPhone
		Release|iPhoneSimulator = Release|iPhoneSimulator
	EndGlobalSection
	GlobalSection(ProjectConfigurationPlatforms) = postSolution
		{AEB0C9C9-1144-40D7-930C-6643C053A770}.Ad-Hoc|Any CPU.ActiveCfg = Debug|Any CPU
		{AEB0C9C9-1144-40D7-930C-6643C053A770}.Ad-Hoc|Any CPU.Build.0 = Debug|Any CPU
		{AEB0C9C9-1144-40D7-930C-6643C053A770}.Ad-Hoc|iPhone.ActiveCfg = Debug|Any CPU
		{AEB0C9C9-1144-40D7-930C-6643C053A770}.Ad-Hoc|iPhone.Build.0 = Debug|Any CPU
		{AEB0C9C9-1144-40D7-930C-6643C053A770}.Ad-Hoc|iPhoneSimulator.ActiveCfg = Debug|Any CPU
		{AEB0C9C9-1144-40D7-930C-6643C053A770}.Ad-Hoc|iPhoneSimulator.Build.0 = Debug|Any CPU
		{AEB0C9C9-1144-40D7-930C-6643C053A770}.AppStore|Any CPU.ActiveCfg = Debug|Any CPU
		{AEB0C9C9-1144-40D7-930C-6643C053A770}.AppStore|Any CPU.Build.0 = Debug|Any CPU
		{AEB0C9C9-1144-40D7-930C-6643C053A770}.AppStore|iPhone.ActiveCfg = Debug|Any CPU
		{AEB0C9C9-1144-40D7-930C-6643C053A770}.AppStore|iPhone.Build.0 = Debug|Any CPU
		{AEB0C9C9-1144-40D7-930C-6643C053A770}.AppStore|iPhoneSimulator.ActiveCfg = Debug|Any CPU
		{AEB0C9C9-1144-40D7-930C-6643C053A770}.AppStore|iPhoneSimulator.Build.0 = Debug|Any CPU
		{AEB0C9C9-1144-40D7-930C-6643C053A770}.Debug|Any CPU.ActiveCfg = Debug|Any CPU
		{AEB0C9C9-1144-40D7-930C-6643C053A770}.Debug|Any CPU.Build.0 = Debug|Any CPU
		{AEB0C9C9-1144-40D7-930C-6643C053A770}.Debug|iPhone.ActiveCfg = Debug|Any CPU
		{AEB0C9C9-1144-40D7-930C-6643C053A770}.Debug|iPhone.Build.0 = Debug|Any CPU
		{AEB0C9C9-1144-40D7-930C-6643C053A770}.Debug|iPhoneSimulator.ActiveCfg = Debug|Any CPU
		{AEB0C9C9-1144-40D7-930C-6643C053A770}.Debug|iPhoneSimulator.Build.0 = Debug|Any CPU
		{AEB0C9C9-1144-40D7-930C-6643C053A770}.Release|Any CPU.ActiveCfg = Release|Any CPU
		{AEB0C9C9-1144-40D7-930C-6643C053A770}.Release|Any CPU.Build.0 = Release|Any CPU
		{AEB0C9C9-1144-40D7-930C-6643C053A770}.Release|iPhone.ActiveCfg = Release|Any CPU
		{AEB0C9C9-1144-40D7-930C-6643C053A770}.Release|iPhone.Build.0 = Release|Any CPU
		{AEB0C9C9-1144-40D7-930C-6643C053A770}.Release|iPhoneSimulator.ActiveCfg = Release|Any CPU
		{AEB0C9C9-1144-40D7-930C-6643C053A770}.Release|iPhoneSimulator.Build.0 = Release|Any CPU
		{748598D7-EB3F-4048-A7D7-E707FC110ABE}.Ad-Hoc|Any CPU.ActiveCfg = Debug|Any CPU
		{748598D7-EB3F-4048-A7D7-E707FC110ABE}.Ad-Hoc|Any CPU.Build.0 = Debug|Any CPU
		{748598D7-EB3F-4048-A7D7-E707FC110ABE}.Ad-Hoc|iPhone.ActiveCfg = Debug|Any CPU
		{748598D7-EB3F-4048-A7D7-E707FC110ABE}.Ad-Hoc|iPhone.Build.0 = Debug|Any CPU
		{748598D7-EB3F-4048-A7D7-E707FC110ABE}.Ad-Hoc|iPhoneSimulator.ActiveCfg = Debug|Any CPU
		{748598D7-EB3F-4048-A7D7-E707FC110ABE}.Ad-Hoc|iPhoneSimulator.Build.0 = Debug|Any CPU
		{748598D7-EB3F-4048-A7D7-E707FC110ABE}.AppStore|Any CPU.ActiveCfg = Debug|Any CPU
		{748598D7-EB3F-4048-A7D7-E707FC110ABE}.AppStore|Any CPU.Build.0 = Debug|Any CPU
		{748598D7-EB3F-4048-A7D7-E707FC110ABE}.AppStore|iPhone.ActiveCfg = Debug|Any CPU
		{748598D7-EB3F-4048-A7D7-E707FC110ABE}.AppStore|iPhone.Build.0 = Debug|Any CPU
		{748598D7-EB3F-4048-A7D7-E707FC110ABE}.AppStore|iPhoneSimulator.ActiveCfg = Debug|Any CPU
		{748598D7-EB3F-4048-A7D7-E707FC110ABE}.AppStore|iPhoneSimulator.Build.0 = Debug|Any CPU
		{748598D7-EB3F-4048-A7D7-E707FC110ABE}.Debug|Any CPU.ActiveCfg = Debug|Any CPU
		{748598D7-EB3F-4048-A7D7-E707FC110ABE}.Debug|Any CPU.Build.0 = Debug|Any CPU
		{748598D7-EB3F-4048-A7D7-E707FC110ABE}.Debug|iPhone.ActiveCfg = Debug|Any CPU
		{748598D7-EB3F-4048-A7D7-E707FC110ABE}.Debug|iPhone.Build.0 = Debug|Any CPU
		{748598D7-EB3F-4048-A7D7-E707FC110ABE}.Debug|iPhoneSimulator.ActiveCfg = Debug|Any CPU
		{748598D7-EB3F-4048-A7D7-E707FC110ABE}.Debug|iPhoneSimulator.Build.0 = Debug|Any CPU
		{748598D7-EB3F-4048-A7D7-E707FC110ABE}.Release|Any CPU.ActiveCfg = Release|Any CPU
		{748598D7-EB3F-4048-A7D7-E707FC110ABE}.Release|Any CPU.Build.0 = Release|Any CPU
		{748598D7-EB3F-4048-A7D7-E707FC110ABE}.Release|iPhone.ActiveCfg = Release|Any CPU
		{748598D7-EB3F-4048-A7D7-E707FC110ABE}.Release|iPhone.Build.0 = Release|Any CPU
		{748598D7-EB3F-4048-A7D7-E707FC110ABE}.Release|iPhoneSimulator.ActiveCfg = Release|Any CPU
		{748598D7-EB3F-4048-A7D7-E707FC110ABE}.Release|iPhoneSimulator.Build.0 = Release|Any CPU
		{E9CD2310-700E-4781-9846-75CC24953BEE}.Ad-Hoc|Any CPU.ActiveCfg = Release|Any CPU
		{E9CD2310-700E-4781-9846-75CC24953BEE}.Ad-Hoc|Any CPU.Build.0 = Release|Any CPU
		{E9CD2310-700E-4781-9846-75CC24953BEE}.Ad-Hoc|Any CPU.Deploy.0 = Release|Any CPU
		{E9CD2310-700E-4781-9846-75CC24953BEE}.Ad-Hoc|iPhone.ActiveCfg = Release|Any CPU
		{E9CD2310-700E-4781-9846-75CC24953BEE}.Ad-Hoc|iPhone.Build.0 = Release|Any CPU
		{E9CD2310-700E-4781-9846-75CC24953BEE}.Ad-Hoc|iPhone.Deploy.0 = Release|Any CPU
		{E9CD2310-700E-4781-9846-75CC24953BEE}.Ad-Hoc|iPhoneSimulator.ActiveCfg = Release|Any CPU
		{E9CD2310-700E-4781-9846-75CC24953BEE}.Ad-Hoc|iPhoneSimulator.Build.0 = Release|Any CPU
		{E9CD2310-700E-4781-9846-75CC24953BEE}.Ad-Hoc|iPhoneSimulator.Deploy.0 = Release|Any CPU
		{E9CD2310-700E-4781-9846-75CC24953BEE}.AppStore|Any CPU.ActiveCfg = Release|Any CPU
		{E9CD2310-700E-4781-9846-75CC24953BEE}.AppStore|Any CPU.Build.0 = Release|Any CPU
		{E9CD2310-700E-4781-9846-75CC24953BEE}.AppStore|Any CPU.Deploy.0 = Release|Any CPU
		{E9CD2310-700E-4781-9846-75CC24953BEE}.AppStore|iPhone.ActiveCfg = Release|Any CPU
		{E9CD2310-700E-4781-9846-75CC24953BEE}.AppStore|iPhone.Build.0 = Release|Any CPU
		{E9CD2310-700E-4781-9846-75CC24953BEE}.AppStore|iPhone.Deploy.0 = Release|Any CPU
		{E9CD2310-700E-4781-9846-75CC24953BEE}.AppStore|iPhoneSimulator.ActiveCfg = Release|Any CPU
		{E9CD2310-700E-4781-9846-75CC24953BEE}.AppStore|iPhoneSimulator.Build.0 = Release|Any CPU
		{E9CD2310-700E-4781-9846-75CC24953BEE}.AppStore|iPhoneSimulator.Deploy.0 = Release|Any CPU
		{E9CD2310-700E-4781-9846-75CC24953BEE}.Debug|Any CPU.ActiveCfg = Debug|Any CPU
		{E9CD2310-700E-4781-9846-75CC24953BEE}.Debug|Any CPU.Build.0 = Debug|Any CPU
		{E9CD2310-700E-4781-9846-75CC24953BEE}.Debug|Any CPU.Deploy.0 = Debug|Any CPU
		{E9CD2310-700E-4781-9846-75CC24953BEE}.Debug|iPhone.ActiveCfg = Debug|Any CPU
		{E9CD2310-700E-4781-9846-75CC24953BEE}.Debug|iPhone.Build.0 = Debug|Any CPU
		{E9CD2310-700E-4781-9846-75CC24953BEE}.Debug|iPhone.Deploy.0 = Debug|Any CPU
		{E9CD2310-700E-4781-9846-75CC24953BEE}.Debug|iPhoneSimulator.ActiveCfg = Debug|Any CPU
		{E9CD2310-700E-4781-9846-75CC24953BEE}.Debug|iPhoneSimulator.Build.0 = Debug|Any CPU
		{E9CD2310-700E-4781-9846-75CC24953BEE}.Debug|iPhoneSimulator.Deploy.0 = Debug|Any CPU
		{E9CD2310-700E-4781-9846-75CC24953BEE}.Release|Any CPU.ActiveCfg = Release|Any CPU
		{E9CD2310-700E-4781-9846-75CC24953BEE}.Release|Any CPU.Build.0 = Release|Any CPU
		{E9CD2310-700E-4781-9846-75CC24953BEE}.Release|Any CPU.Deploy.0 = Release|Any CPU
		{E9CD2310-700E-4781-9846-75CC24953BEE}.Release|iPhone.ActiveCfg = Release|Any CPU
		{E9CD2310-700E-4781-9846-75CC24953BEE}.Release|iPhone.Build.0 = Release|Any CPU
		{E9CD2310-700E-4781-9846-75CC24953BEE}.Release|iPhone.Deploy.0 = Release|Any CPU
		{E9CD2310-700E-4781-9846-75CC24953BEE}.Release|iPhoneSimulator.ActiveCfg = Release|Any CPU
		{E9CD2310-700E-4781-9846-75CC24953BEE}.Release|iPhoneSimulator.Build.0 = Release|Any CPU
		{E9CD2310-700E-4781-9846-75CC24953BEE}.Release|iPhoneSimulator.Deploy.0 = Release|Any CPU
		{3CA62B5B-84AF-4C3B-9566-C9C2D94040ED}.Ad-Hoc|Any CPU.ActiveCfg = Release|Any CPU
		{3CA62B5B-84AF-4C3B-9566-C9C2D94040ED}.Ad-Hoc|Any CPU.Build.0 = Release|Any CPU
		{3CA62B5B-84AF-4C3B-9566-C9C2D94040ED}.Ad-Hoc|iPhone.ActiveCfg = Release|Any CPU
		{3CA62B5B-84AF-4C3B-9566-C9C2D94040ED}.Ad-Hoc|iPhone.Build.0 = Release|Any CPU
		{3CA62B5B-84AF-4C3B-9566-C9C2D94040ED}.Ad-Hoc|iPhoneSimulator.ActiveCfg = Release|Any CPU
		{3CA62B5B-84AF-4C3B-9566-C9C2D94040ED}.Ad-Hoc|iPhoneSimulator.Build.0 = Release|Any CPU
		{3CA62B5B-84AF-4C3B-9566-C9C2D94040ED}.AppStore|Any CPU.ActiveCfg = Release|Any CPU
		{3CA62B5B-84AF-4C3B-9566-C9C2D94040ED}.AppStore|Any CPU.Build.0 = Release|Any CPU
		{3CA62B5B-84AF-4C3B-9566-C9C2D94040ED}.AppStore|iPhone.ActiveCfg = Release|Any CPU
		{3CA62B5B-84AF-4C3B-9566-C9C2D94040ED}.AppStore|iPhone.Build.0 = Release|Any CPU
		{3CA62B5B-84AF-4C3B-9566-C9C2D94040ED}.AppStore|iPhoneSimulator.ActiveCfg = Release|Any CPU
		{3CA62B5B-84AF-4C3B-9566-C9C2D94040ED}.AppStore|iPhoneSimulator.Build.0 = Release|Any CPU
		{3CA62B5B-84AF-4C3B-9566-C9C2D94040ED}.Debug|Any CPU.ActiveCfg = Debug|Any CPU
		{3CA62B5B-84AF-4C3B-9566-C9C2D94040ED}.Debug|Any CPU.Build.0 = Debug|Any CPU
		{3CA62B5B-84AF-4C3B-9566-C9C2D94040ED}.Debug|iPhone.ActiveCfg = Debug|Any CPU
		{3CA62B5B-84AF-4C3B-9566-C9C2D94040ED}.Debug|iPhone.Build.0 = Debug|Any CPU
		{3CA62B5B-84AF-4C3B-9566-C9C2D94040ED}.Debug|iPhoneSimulator.ActiveCfg = Debug|Any CPU
		{3CA62B5B-84AF-4C3B-9566-C9C2D94040ED}.Debug|iPhoneSimulator.Build.0 = Debug|Any CPU
		{3CA62B5B-84AF-4C3B-9566-C9C2D94040ED}.Release|Any CPU.ActiveCfg = Release|Any CPU
		{3CA62B5B-84AF-4C3B-9566-C9C2D94040ED}.Release|Any CPU.Build.0 = Release|Any CPU
		{3CA62B5B-84AF-4C3B-9566-C9C2D94040ED}.Release|iPhone.ActiveCfg = Release|Any CPU
		{3CA62B5B-84AF-4C3B-9566-C9C2D94040ED}.Release|iPhone.Build.0 = Release|Any CPU
		{3CA62B5B-84AF-4C3B-9566-C9C2D94040ED}.Release|iPhoneSimulator.ActiveCfg = Release|Any CPU
		{3CA62B5B-84AF-4C3B-9566-C9C2D94040ED}.Release|iPhoneSimulator.Build.0 = Release|Any CPU
	EndGlobalSection
	GlobalSection(SolutionProperties) = preSolution
		HideSolutionNode = FALSE
	EndGlobalSection
EndGlobal
